
Microsoft Visual Studio Solution File, Format Version 12.00
# Visual Studio Version 17
VisualStudioVersion = 17.5.33530.505
MinimumVisualStudioVersion = 10.0.40219.1
Project("{FAE04EC0-301F-11D3-BF4B-00C04F79EFBC}") = "hw 5.1", "hw 5.1\hw 5.1.csproj", "{D18216A3-B232-4FAE-94F0-7AA8656B5488}"
EndProject
Global
	GlobalSection(SolutionConfigurationPlatforms) = preSolution
		Debug|Any CPU = Debug|Any CPU
		Release|Any CPU = Release|Any CPU
	EndGlobalSection
	GlobalSection(ProjectConfigurationPlatforms) = postSolution
		{D18216A3-B232-4FAE-94F0-7AA8656B5488}.Debug|Any CPU.ActiveCfg = Debug|Any CPU
		{D18216A3-B232-4FAE-94F0-7AA8656B5488}.Debug|Any CPU.Build.0 = Debug|Any CPU
		{D18216A3-B232-4FAE-94F0-7AA8656B5488}.Release|Any CPU.ActiveCfg = Release|Any CPU
		{D18216A3-B232-4FAE-94F0-7AA8656B5488}.Release|Any CPU.Build.0 = Release|Any CPU
	EndGlobalSection
	GlobalSection(SolutionProperties) = preSolution
		HideSolutionNode = FALSE
	EndGlobalSection
	GlobalSection(ExtensibilityGlobals) = postSolution
		SolutionGuid = {DB7ED6BB-6DAE-499F-9008-A3BA81615809}
	EndGlobalSection
EndGlobal
